// !$*UTF8*$!
{
	archiveVersion = 1;
	classes = {
	};
	objectVersion = 46;
	objects = {

/* Begin PBXBuildFile section */
		8CA72EA6160CB6D90076FA2A /* AudioStreamer.m in Sources */ = {isa = PBXBuildFile; fileRef = 8CA72EA5160CB6D90076FA2A /* AudioStreamer.m */; settings = {COMPILER_FLAGS = "-fno-objc-arc"; }; };
		8CA72EAA160CB6F60076FA2A /* AudioPlayer.m in Sources */ = {isa = PBXBuildFile; fileRef = 8CA72EA9160CB6F60076FA2A /* AudioPlayer.m */; };
		8CA72EAC160CB7FD0076FA2A /* AudioToolbox.framework in Frameworks */ = {isa = PBXBuildFile; fileRef = 8CA72EAB160CB7FD0076FA2A /* AudioToolbox.framework */; };
		8CA72EB5160CCE910076FA2A /* MediaPlayer.framework in Frameworks */ = {isa = PBXBuildFile; fileRef = 8CA72EB3160CCE900076FA2A /* MediaPlayer.framework */; };
		8CA72EB7160CDAA90076FA2A /* QuartzCore.framework in Frameworks */ = {isa = PBXBuildFile; fileRef = 8CA72EB6160CDAA90076FA2A /* QuartzCore.framework */; };
		8CCCE4FD160C54B100317D4C /* UIKit.framework in Frameworks */ = {isa = PBXBuildFile; fileRef = 8CCCE4FC160C54B100317D4C /* UIKit.framework */; };
		8CCCE4FF160C54B100317D4C /* Foundation.framework in Frameworks */ = {isa = PBXBuildFile; fileRef = 8CCCE4FE160C54B100317D4C /* Foundation.framework */; };
		8CCCE501160C54B100317D4C /* CoreGraphics.framework in Frameworks */ = {isa = PBXBuildFile; fileRef = 8CCCE500160C54B100317D4C /* CoreGraphics.framework */; };
		8CCCE507160C54B100317D4C /* InfoPlist.strings in Resources */ = {isa = PBXBuildFile; fileRef = 8CCCE505160C54B100317D4C /* InfoPlist.strings */; };
		8CCCE509160C54B100317D4C /* main.m in Sources */ = {isa = PBXBuildFile; fileRef = 8CCCE508160C54B100317D4C /* main.m */; };
		8CCCE50D160C54B100317D4C /* AppDelegate.m in Sources */ = {isa = PBXBuildFile; fileRef = 8CCCE50C160C54B100317D4C /* AppDelegate.m */; };
		8CCCE530160C54DF00317D4C /* AFHTTPClient.m in Sources */ = {isa = PBXBuildFile; fileRef = 8CCCE51C160C54DF00317D4C /* AFHTTPClient.m */; };
		8CCCE531160C54DF00317D4C /* AFHTTPRequestOperation.m in Sources */ = {isa = PBXBuildFile; fileRef = 8CCCE51E160C54DF00317D4C /* AFHTTPRequestOperation.m */; settings = {COMPILER_FLAGS = "-fno-objc-arc"; }; };
		8CCCE532160C54DF00317D4C /* AFImageRequestOperation.m in Sources */ = {isa = PBXBuildFile; fileRef = 8CCCE520160C54DF00317D4C /* AFImageRequestOperation.m */; };
		8CCCE533160C54DF00317D4C /* AFJSONRequestOperation.m in Sources */ = {isa = PBXBuildFile; fileRef = 8CCCE522160C54DF00317D4C /* AFJSONRequestOperation.m */; };
		8CCCE534160C54DF00317D4C /* AFNetworkActivityIndicatorManager.m in Sources */ = {isa = PBXBuildFile; fileRef = 8CCCE524160C54DF00317D4C /* AFNetworkActivityIndicatorManager.m */; };
		8CCCE535160C54DF00317D4C /* AFPropertyListRequestOperation.m in Sources */ = {isa = PBXBuildFile; fileRef = 8CCCE527160C54DF00317D4C /* AFPropertyListRequestOperation.m */; };
		8CCCE536160C54DF00317D4C /* AFURLConnectionOperation.m in Sources */ = {isa = PBXBuildFile; fileRef = 8CCCE529160C54DF00317D4C /* AFURLConnectionOperation.m */; };
		8CCCE537160C54DF00317D4C /* AFXMLRequestOperation.m in Sources */ = {isa = PBXBuildFile; fileRef = 8CCCE52B160C54DF00317D4C /* AFXMLRequestOperation.m */; };
		8CCCE538160C54DF00317D4C /* CHANGES in Resources */ = {isa = PBXBuildFile; fileRef = 8CCCE52C160C54DF00317D4C /* CHANGES */; };
		8CCCE539160C54DF00317D4C /* README.md in Resources */ = {isa = PBXBuildFile; fileRef = 8CCCE52D160C54DF00317D4C /* README.md */; };
		8CCCE53A160C54DF00317D4C /* UIImageView+AFNetworking.m in Sources */ = {isa = PBXBuildFile; fileRef = 8CCCE52F160C54DF00317D4C /* UIImageView+AFNetworking.m */; };
		8CCCE53D160C54EB00317D4C /* AFDownloadRequestOperation.m in Sources */ = {isa = PBXBuildFile; fileRef = 8CCCE53C160C54EB00317D4C /* AFDownloadRequestOperation.m */; };
		8CCCE540160C550F00317D4C /* ViewController.m in Sources */ = {isa = PBXBuildFile; fileRef = 8CCCE53F160C550F00317D4C /* ViewController.m */; };
		8CCCE542160C553A00317D4C /* ViewController.xib in Resources */ = {isa = PBXBuildFile; fileRef = 8CCCE541160C553A00317D4C /* ViewController.xib */; };
		8CCCE544160C579600317D4C /* icon.png in Resources */ = {isa = PBXBuildFile; fileRef = 8CCCE543160C579600317D4C /* icon.png */; };
		8CCCE546160C57A900317D4C /* CFNetwork.framework in Frameworks */ = {isa = PBXBuildFile; fileRef = 8CCCE545160C57A900317D4C /* CFNetwork.framework */; };
		8CCCE548160C57AC00317D4C /* SystemConfiguration.framework in Frameworks */ = {isa = PBXBuildFile; fileRef = 8CCCE547160C57AC00317D4C /* SystemConfiguration.framework */; };
		8CCCE54F160CA4FD00317D4C /* AVFoundation.framework in Frameworks */ = {isa = PBXBuildFile; fileRef = 8CCCE54E160CA4FC00317D4C /* AVFoundation.framework */; };
/* End PBXBuildFile section */

/* Begin PBXFileReference section */
		8CA72EA4160CB6D90076FA2A /* AudioStreamer.h */ = {isa = PBXFileReference; fileEncoding = 4; lastKnownFileType = sourcecode.c.h; path = AudioStreamer.h; sourceTree = "<group>"; };
		8CA72EA5160CB6D90076FA2A /* AudioStreamer.m */ = {isa = PBXFileReference; fileEncoding = 4; lastKnownFileType = sourcecode.c.objc; path = AudioStreamer.m; sourceTree = "<group>"; };
		8CA72EA8160CB6F60076FA2A /* AudioPlayer.h */ = {isa = PBXFileReference; fileEncoding = 4; lastKnownFileType = sourcecode.c.h; path = AudioPlayer.h; sourceTree = "<group>"; };
		8CA72EA9160CB6F60076FA2A /* AudioPlayer.m */ = {isa = PBXFileReference; fileEncoding = 4; lastKnownFileType = sourcecode.c.objc; path = AudioPlayer.m; sourceTree = "<group>"; };
		8CA72EAB160CB7FD0076FA2A /* AudioToolbox.framework */ = {isa = PBXFileReference; lastKnownFileType = wrapper.framework; name = AudioToolbox.framework; path = System/Library/Frameworks/AudioToolbox.framework; sourceTree = SDKROOT; };
		8CA72EB3160CCE900076FA2A /* MediaPlayer.framework */ = {isa = PBXFileReference; lastKnownFileType = wrapper.framework; name = MediaPlayer.framework; path = System/Library/Frameworks/MediaPlayer.framework; sourceTree = SDKROOT; };
		8CA72EB6160CDAA90076FA2A /* QuartzCore.framework */ = {isa = PBXFileReference; lastKnownFileType = wrapper.framework; name = QuartzCore.framework; path = System/Library/Frameworks/QuartzCore.framework; sourceTree = SDKROOT; };
		8CCCE4F8160C54B100317D4C /* AFResumingDownload.app */ = {isa = PBXFileReference; explicitFileType = wrapper.application; includeInIndex = 0; path = AFResumingDownload.app; sourceTree = BUILT_PRODUCTS_DIR; };
		8CCCE4FC160C54B100317D4C /* UIKit.framework */ = {isa = PBXFileReference; lastKnownFileType = wrapper.framework; name = UIKit.framework; path = System/Library/Frameworks/UIKit.framework; sourceTree = SDKROOT; };
		8CCCE4FE160C54B100317D4C /* Foundation.framework */ = {isa = PBXFileReference; lastKnownFileType = wrapper.framework; name = Foundation.framework; path = System/Library/Frameworks/Foundation.framework; sourceTree = SDKROOT; };
		8CCCE500160C54B100317D4C /* CoreGraphics.framework */ = {isa = PBXFileReference; lastKnownFileType = wrapper.framework; name = CoreGraphics.framework; path = System/Library/Frameworks/CoreGraphics.framework; sourceTree = SDKROOT; };
		8CCCE504160C54B100317D4C /* AFResumingDownload-Info.plist */ = {isa = PBXFileReference; lastKnownFileType = text.plist.xml; path = "AFResumingDownload-Info.plist"; sourceTree = "<group>"; };
		8CCCE506160C54B100317D4C /* en */ = {isa = PBXFileReference; lastKnownFileType = text.plist.strings; name = en; path = en.lproj/InfoPlist.strings; sourceTree = "<group>"; };
		8CCCE508160C54B100317D4C /* main.m */ = {isa = PBXFileReference; lastKnownFileType = sourcecode.c.objc; path = main.m; sourceTree = "<group>"; };
		8CCCE50A160C54B100317D4C /* AFResumingDownload-Prefix.pch */ = {isa = PBXFileReference; lastKnownFileType = sourcecode.c.h; path = "AFResumingDownload-Prefix.pch"; sourceTree = "<group>"; };
		8CCCE50B160C54B100317D4C /* AppDelegate.h */ = {isa = PBXFileReference; lastKnownFileType = sourcecode.c.h; path = AppDelegate.h; sourceTree = "<group>"; };
		8CCCE50C160C54B100317D4C /* AppDelegate.m */ = {isa = PBXFileReference; lastKnownFileType = sourcecode.c.objc; path = AppDelegate.m; sourceTree = "<group>"; };
		8CCCE51B160C54DF00317D4C /* AFHTTPClient.h */ = {isa = PBXFileReference; fileEncoding = 4; lastKnownFileType = sourcecode.c.h; path = AFHTTPClient.h; sourceTree = "<group>"; };
		8CCCE51C160C54DF00317D4C /* AFHTTPClient.m */ = {isa = PBXFileReference; fileEncoding = 4; lastKnownFileType = sourcecode.c.objc; path = AFHTTPClient.m; sourceTree = "<group>"; };
		8CCCE51D160C54DF00317D4C /* AFHTTPRequestOperation.h */ = {isa = PBXFileReference; fileEncoding = 4; lastKnownFileType = sourcecode.c.h; path = AFHTTPRequestOperation.h; sourceTree = "<group>"; };
		8CCCE51E160C54DF00317D4C /* AFHTTPRequestOperation.m */ = {isa = PBXFileReference; fileEncoding = 4; lastKnownFileType = sourcecode.c.objc; path = AFHTTPRequestOperation.m; sourceTree = "<group>"; };
		8CCCE51F160C54DF00317D4C /* AFImageRequestOperation.h */ = {isa = PBXFileReference; fileEncoding = 4; lastKnownFileType = sourcecode.c.h; path = AFImageRequestOperation.h; sourceTree = "<group>"; };
		8CCCE520160C54DF00317D4C /* AFImageRequestOperation.m */ = {isa = PBXFileReference; fileEncoding = 4; lastKnownFileType = sourcecode.c.objc; path = AFImageRequestOperation.m; sourceTree = "<group>"; };
		8CCCE521160C54DF00317D4C /* AFJSONRequestOperation.h */ = {isa = PBXFileReference; fileEncoding = 4; lastKnownFileType = sourcecode.c.h; path = AFJSONRequestOperation.h; sourceTree = "<group>"; };
		8CCCE522160C54DF00317D4C /* AFJSONRequestOperation.m */ = {isa = PBXFileReference; fileEncoding = 4; lastKnownFileType = sourcecode.c.objc; path = AFJSONRequestOperation.m; sourceTree = "<group>"; };
		8CCCE523160C54DF00317D4C /* AFNetworkActivityIndicatorManager.h */ = {isa = PBXFileReference; fileEncoding = 4; lastKnownFileType = sourcecode.c.h; path = AFNetworkActivityIndicatorManager.h; sourceTree = "<group>"; };
		8CCCE524160C54DF00317D4C /* AFNetworkActivityIndicatorManager.m */ = {isa = PBXFileReference; fileEncoding = 4; lastKnownFileType = sourcecode.c.objc; path = AFNetworkActivityIndicatorManager.m; sourceTree = "<group>"; };
		8CCCE525160C54DF00317D4C /* AFNetworking.h */ = {isa = PBXFileReference; fileEncoding = 4; lastKnownFileType = sourcecode.c.h; path = AFNetworking.h; sourceTree = "<group>"; };
		8CCCE526160C54DF00317D4C /* AFPropertyListRequestOperation.h */ = {isa = PBXFileReference; fileEncoding = 4; lastKnownFileType = sourcecode.c.h; path = AFPropertyListRequestOperation.h; sourceTree = "<group>"; };
		8CCCE527160C54DF00317D4C /* AFPropertyListRequestOperation.m */ = {isa = PBXFileReference; fileEncoding = 4; lastKnownFileType = sourcecode.c.objc; path = AFPropertyListRequestOperation.m; sourceTree = "<group>"; };
		8CCCE528160C54DF00317D4C /* AFURLConnectionOperation.h */ = {isa = PBXFileReference; fileEncoding = 4; lastKnownFileType = sourcecode.c.h; path = AFURLConnectionOperation.h; sourceTree = "<group>"; };
		8CCCE529160C54DF00317D4C /* AFURLConnectionOperation.m */ = {isa = PBXFileReference; fileEncoding = 4; lastKnownFileType = sourcecode.c.objc; path = AFURLConnectionOperation.m; sourceTree = "<group>"; };
		8CCCE52A160C54DF00317D4C /* AFXMLRequestOperation.h */ = {isa = PBXFileReference; fileEncoding = 4; lastKnownFileType = sourcecode.c.h; path = AFXMLRequestOperation.h; sourceTree = "<group>"; };
		8CCCE52B160C54DF00317D4C /* AFXMLRequestOperation.m */ = {isa = PBXFileReference; fileEncoding = 4; lastKnownFileType = sourcecode.c.objc; path = AFXMLRequestOperation.m; sourceTree = "<group>"; };
		8CCCE52C160C54DF00317D4C /* CHANGES */ = {isa = PBXFileReference; fileEncoding = 4; lastKnownFileType = text; path = CHANGES; sourceTree = "<group>"; };
		8CCCE52D160C54DF00317D4C /* README.md */ = {isa = PBXFileReference; fileEncoding = 4; lastKnownFileType = text; path = README.md; sourceTree = "<group>"; };
		8CCCE52E160C54DF00317D4C /* UIImageView+AFNetworking.h */ = {isa = PBXFileReference; fileEncoding = 4; lastKnownFileType = sourcecode.c.h; path = "UIImageView+AFNetworking.h"; sourceTree = "<group>"; };
		8CCCE52F160C54DF00317D4C /* UIImageView+AFNetworking.m */ = {isa = PBXFileReference; fileEncoding = 4; lastKnownFileType = sourcecode.c.objc; path = "UIImageView+AFNetworking.m"; sourceTree = "<group>"; };
		8CCCE53B160C54EB00317D4C /* AFDownloadRequestOperation.h */ = {isa = PBXFileReference; fileEncoding = 4; lastKnownFileType = sourcecode.c.h; path = AFDownloadRequestOperation.h; sourceTree = "<group>"; };
		8CCCE53C160C54EB00317D4C /* AFDownloadRequestOperation.m */ = {isa = PBXFileReference; fileEncoding = 4; lastKnownFileType = sourcecode.c.objc; path = AFDownloadRequestOperation.m; sourceTree = "<group>"; };
		8CCCE53E160C550F00317D4C /* ViewController.h */ = {isa = PBXFileReference; fileEncoding = 4; lastKnownFileType = sourcecode.c.h; path = ViewController.h; sourceTree = "<group>"; };
		8CCCE53F160C550F00317D4C /* ViewController.m */ = {isa = PBXFileReference; fileEncoding = 4; lastKnownFileType = sourcecode.c.objc; path = ViewController.m; sourceTree = "<group>"; };
		8CCCE541160C553A00317D4C /* ViewController.xib */ = {isa = PBXFileReference; fileEncoding = 4; lastKnownFileType = file.xib; path = ViewController.xib; sourceTree = "<group>"; };
		8CCCE543160C579600317D4C /* icon.png */ = {isa = PBXFileReference; lastKnownFileType = image.png; path = icon.png; sourceTree = "<group>"; };
		8CCCE545160C57A900317D4C /* CFNetwork.framework */ = {isa = PBXFileReference; lastKnownFileType = wrapper.framework; name = CFNetwork.framework; path = System/Library/Frameworks/CFNetwork.framework; sourceTree = SDKROOT; };
		8CCCE547160C57AC00317D4C /* SystemConfiguration.framework */ = {isa = PBXFileReference; lastKnownFileType = wrapper.framework; name = SystemConfiguration.framework; path = System/Library/Frameworks/SystemConfiguration.framework; sourceTree = SDKROOT; };
		8CCCE54E160CA4FC00317D4C /* AVFoundation.framework */ = {isa = PBXFileReference; lastKnownFileType = wrapper.framework; name = AVFoundation.framework; path = System/Library/Frameworks/AVFoundation.framework; sourceTree = SDKROOT; };
/* End PBXFileReference section */

/* Begin PBXFrameworksBuildPhase section */
		8CCCE4F5160C54B100317D4C /* Frameworks */ = {
			isa = PBXFrameworksBuildPhase;
			buildActionMask = 2147483647;
			files = (
				8CA72EB7160CDAA90076FA2A /* QuartzCore.framework in Frameworks */,
				8CA72EB5160CCE910076FA2A /* MediaPlayer.framework in Frameworks */,
				8CA72EAC160CB7FD0076FA2A /* AudioToolbox.framework in Frameworks */,
				8CCCE54F160CA4FD00317D4C /* AVFoundation.framework in Frameworks */,
				8CCCE548160C57AC00317D4C /* SystemConfiguration.framework in Frameworks */,
				8CCCE546160C57A900317D4C /* CFNetwork.framework in Frameworks */,
				8CCCE4FD160C54B100317D4C /* UIKit.framework in Frameworks */,
				8CCCE4FF160C54B100317D4C /* Foundation.framework in Frameworks */,
				8CCCE501160C54B100317D4C /* CoreGraphics.framework in Frameworks */,
			);
			runOnlyForDeploymentPostprocessing = 0;
		};
/* End PBXFrameworksBuildPhase section */

/* Begin PBXGroup section */
		8CA72EAD160CBC7D0076FA2A /* Player */ = {
			isa = PBXGroup;
			children = (
				8CA72EA4160CB6D90076FA2A /* AudioStreamer.h */,
				8CA72EA5160CB6D90076FA2A /* AudioStreamer.m */,
				8CA72EA8160CB6F60076FA2A /* AudioPlayer.h */,
				8CA72EA9160CB6F60076FA2A /* AudioPlayer.m */,
			);
			name = Player;
			sourceTree = "<group>";
		};
		8CCCE4ED160C54B100317D4C = {
			isa = PBXGroup;
			children = (
				8CCCE502160C54B100317D4C /* AFResumingDownload */,
				8CCCE4FB160C54B100317D4C /* Frameworks */,
				8CCCE4F9160C54B100317D4C /* Products */,
			);
			sourceTree = "<group>";
		};
		8CCCE4F9160C54B100317D4C /* Products */ = {
			isa = PBXGroup;
			children = (
				8CCCE4F8160C54B100317D4C /* AFResumingDownload.app */,
			);
			name = Products;
			sourceTree = "<group>";
		};
		8CCCE4FB160C54B100317D4C /* Frameworks */ = {
			isa = PBXGroup;
			children = (
				8CA72EB6160CDAA90076FA2A /* QuartzCore.framework */,
				8CA72EB3160CCE900076FA2A /* MediaPlayer.framework */,
				8CA72EAB160CB7FD0076FA2A /* AudioToolbox.framework */,
				8CCCE54E160CA4FC00317D4C /* AVFoundation.framework */,
				8CCCE547160C57AC00317D4C /* SystemConfiguration.framework */,
				8CCCE545160C57A900317D4C /* CFNetwork.framework */,
				8CCCE4FC160C54B100317D4C /* UIKit.framework */,
				8CCCE4FE160C54B100317D4C /* Foundation.framework */,
				8CCCE500160C54B100317D4C /* CoreGraphics.framework */,
			);
			name = Frameworks;
			sourceTree = "<group>";
		};
		8CCCE502160C54B100317D4C /* AFResumingDownload */ = {
			isa = PBXGroup;
			children = (
				8CA72EAD160CBC7D0076FA2A /* Player */,
				8CCCE51A160C54C900317D4C /* AFDownloadRequestOperation */,
				8CCCE519160C54C000317D4C /* AFNetworking */,
				8CCCE50B160C54B100317D4C /* AppDelegate.h */,
				8CCCE50C160C54B100317D4C /* AppDelegate.m */,
				8CCCE53E160C550F00317D4C /* ViewController.h */,
				8CCCE53F160C550F00317D4C /* ViewController.m */,
				8CCCE541160C553A00317D4C /* ViewController.xib */,
				8CCCE503160C54B100317D4C /* Supporting Files */,
			);
			path = AFResumingDownload;
			sourceTree = "<group>";
		};
		8CCCE503160C54B100317D4C /* Supporting Files */ = {
			isa = PBXGroup;
			children = (
				8CCCE543160C579600317D4C /* icon.png */,
				8CCCE504160C54B100317D4C /* AFResumingDownload-Info.plist */,
				8CCCE505160C54B100317D4C /* InfoPlist.strings */,
				8CCCE508160C54B100317D4C /* main.m */,
				8CCCE50A160C54B100317D4C /* AFResumingDownload-Prefix.pch */,
			);
			name = "Supporting Files";
			sourceTree = "<group>";
		};
		8CCCE519160C54C000317D4C /* AFNetworking */ = {
			isa = PBXGroup;
			children = (
				8CCCE52C160C54DF00317D4C /* CHANGES */,
				8CCCE52D160C54DF00317D4C /* README.md */,
				8CCCE51B160C54DF00317D4C /* AFHTTPClient.h */,
				8CCCE51C160C54DF00317D4C /* AFHTTPClient.m */,
				8CCCE51D160C54DF00317D4C /* AFHTTPRequestOperation.h */,
				8CCCE51E160C54DF00317D4C /* AFHTTPRequestOperation.m */,
				8CCCE51F160C54DF00317D4C /* AFImageRequestOperation.h */,
				8CCCE520160C54DF00317D4C /* AFImageRequestOperation.m */,
				8CCCE521160C54DF00317D4C /* AFJSONRequestOperation.h */,
				8CCCE522160C54DF00317D4C /* AFJSONRequestOperation.m */,
				8CCCE523160C54DF00317D4C /* AFNetworkActivityIndicatorManager.h */,
				8CCCE524160C54DF00317D4C /* AFNetworkActivityIndicatorManager.m */,
				8CCCE525160C54DF00317D4C /* AFNetworking.h */,
				8CCCE526160C54DF00317D4C /* AFPropertyListRequestOperation.h */,
				8CCCE527160C54DF00317D4C /* AFPropertyListRequestOperation.m */,
				8CCCE528160C54DF00317D4C /* AFURLConnectionOperation.h */,
				8CCCE529160C54DF00317D4C /* AFURLConnectionOperation.m */,
				8CCCE52A160C54DF00317D4C /* AFXMLRequestOperation.h */,
				8CCCE52B160C54DF00317D4C /* AFXMLRequestOperation.m */,
				8CCCE52E160C54DF00317D4C /* UIImageView+AFNetworking.h */,
				8CCCE52F160C54DF00317D4C /* UIImageView+AFNetworking.m */,
			);
			name = AFNetworking;
			sourceTree = "<group>";
		};
		8CCCE51A160C54C900317D4C /* AFDownloadRequestOperation */ = {
			isa = PBXGroup;
			children = (
				8CCCE53B160C54EB00317D4C /* AFDownloadRequestOperation.h */,
				8CCCE53C160C54EB00317D4C /* AFDownloadRequestOperation.m */,
			);
			name = AFDownloadRequestOperation;
			sourceTree = "<group>";
		};
/* End PBXGroup section */

/* Begin PBXNativeTarget section */
		8CCCE4F7160C54B100317D4C /* AFResumingDownload */ = {
			isa = PBXNativeTarget;
			buildConfigurationList = 8CCCE516160C54B100317D4C /* Build configuration list for PBXNativeTarget "AFResumingDownload" */;
			buildPhases = (
				8CCCE4F4160C54B100317D4C /* Sources */,
				8CCCE4F5160C54B100317D4C /* Frameworks */,
				8CCCE4F6160C54B100317D4C /* Resources */,
			);
			buildRules = (
			);
			dependencies = (
			);
			name = AFResumingDownload;
			productName = AFResumingDownload;
			productReference = 8CCCE4F8160C54B100317D4C /* AFResumingDownload.app */;
			productType = "com.apple.product-type.application";
		};
/* End PBXNativeTarget section */

/* Begin PBXProject section */
		8CCCE4EF160C54B100317D4C /* Project object */ = {
			isa = PBXProject;
			attributes = {
				LastUpgradeCheck = 0430;
				ORGANIZATIONNAME = "Netspectrum Inc.";
			};
			buildConfigurationList = 8CCCE4F2160C54B100317D4C /* Build configuration list for PBXProject "AFResumingDownload" */;
			compatibilityVersion = "Xcode 3.2";
			developmentRegion = English;
			hasScannedForEncodings = 0;
			knownRegions = (
				en,
			);
			mainGroup = 8CCCE4ED160C54B100317D4C;
			productRefGroup = 8CCCE4F9160C54B100317D4C /* Products */;
			projectDirPath = "";
			projectRoot = "";
			targets = (
				8CCCE4F7160C54B100317D4C /* AFResumingDownload */,
			);
		};
/* End PBXProject section */

/* Begin PBXResourcesBuildPhase section */
		8CCCE4F6160C54B100317D4C /* Resources */ = {
			isa = PBXResourcesBuildPhase;
			buildActionMask = 2147483647;
			files = (
				8CCCE507160C54B100317D4C /* InfoPlist.strings in Resources */,
				8CCCE538160C54DF00317D4C /* CHANGES in Resources */,
				8CCCE539160C54DF00317D4C /* README.md in Resources */,
				8CCCE542160C553A00317D4C /* ViewController.xib in Resources */,
				8CCCE544160C579600317D4C /* icon.png in Resources */,
			);
			runOnlyForDeploymentPostprocessing = 0;
		};
/* End PBXResourcesBuildPhase section */

/* Begin PBXSourcesBuildPhase section */
		8CCCE4F4160C54B100317D4C /* Sources */ = {
			isa = PBXSourcesBuildPhase;
			buildActionMask = 2147483647;
			files = (
				8CCCE509160C54B100317D4C /* main.m in Sources */,
				8CCCE50D160C54B100317D4C /* AppDelegate.m in Sources */,
				8CCCE530160C54DF00317D4C /* AFHTTPClient.m in Sources */,
				8CCCE531160C54DF00317D4C /* AFHTTPRequestOperation.m in Sources */,
				8CCCE532160C54DF00317D4C /* AFImageRequestOperation.m in Sources */,
				8CCCE533160C54DF00317D4C /* AFJSONRequestOperation.m in Sources */,
				8CCCE534160C54DF00317D4C /* AFNetworkActivityIndicatorManager.m in Sources */,
				8CCCE535160C54DF00317D4C /* AFPropertyListRequestOperation.m in Sources */,
				8CCCE536160C54DF00317D4C /* AFURLConnectionOperation.m in Sources */,
				8CCCE537160C54DF00317D4C /* AFXMLRequestOperation.m in Sources */,
				8CCCE53A160C54DF00317D4C /* UIImageView+AFNetworking.m in Sources */,
				8CCCE53D160C54EB00317D4C /* AFDownloadRequestOperation.m in Sources */,
				8CCCE540160C550F00317D4C /* ViewController.m in Sources */,
				8CA72EA6160CB6D90076FA2A /* AudioStreamer.m in Sources */,
				8CA72EAA160CB6F60076FA2A /* AudioPlayer.m in Sources */,
			);
			runOnlyForDeploymentPostprocessing = 0;
		};
/* End PBXSourcesBuildPhase section */

/* Begin PBXVariantGroup section */
		8CCCE505160C54B100317D4C /* InfoPlist.strings */ = {
			isa = PBXVariantGroup;
			children = (
				8CCCE506160C54B100317D4C /* en */,
			);
			name = InfoPlist.strings;
			sourceTree = "<group>";
		};
/* End PBXVariantGroup section */

/* Begin XCBuildConfiguration section */
		8CCCE514160C54B100317D4C /* Debug */ = {
			isa = XCBuildConfiguration;
			buildSettings = {
				ALWAYS_SEARCH_USER_PATHS = NO;
				ARCHS = "$(ARCHS_STANDARD_32_BIT)";
				CLANG_ENABLE_OBJC_ARC = YES;
				"CODE_SIGN_IDENTITY[sdk=iphoneos*]" = "iPhone Developer";
				COPY_PHASE_STRIP = NO;
				GCC_C_LANGUAGE_STANDARD = gnu99;
				GCC_DYNAMIC_NO_PIC = NO;
				GCC_OPTIMIZATION_LEVEL = 0;
				GCC_PREPROCESSOR_DEFINITIONS = (
					"DEBUG=1",
					"$(inherited)",
				);
				GCC_SYMBOLS_PRIVATE_EXTERN = NO;
				GCC_VERSION = com.apple.compilers.llvm.clang.1_0;
				GCC_WARN_ABOUT_RETURN_TYPE = YES;
				GCC_WARN_UNINITIALIZED_AUTOS = YES;
				GCC_WARN_UNUSED_VARIABLE = YES;
				IPHONEOS_DEPLOYMENT_TARGET = 5.1;
				SDKROOT = iphoneos;
			};
			name = Debug;
		};
		8CCCE515160C54B100317D4C /* Release */ = {
			isa = XCBuildConfiguration;
			buildSettings = {
				ALWAYS_SEARCH_USER_PATHS = NO;
				ARCHS = "$(ARCHS_STANDARD_32_BIT)";
				CLANG_ENABLE_OBJC_ARC = YES;
				"CODE_SIGN_IDENTITY[sdk=iphoneos*]" = "iPhone Developer";
				COPY_PHASE_STRIP = YES;
				GCC_C_LANGUAGE_STANDARD = gnu99;
				GCC_VERSION = com.apple.compilers.llvm.clang.1_0;
				GCC_WARN_ABOUT_RETURN_TYPE = YES;
				GCC_WARN_UNINITIALIZED_AUTOS = YES;
				GCC_WARN_UNUSED_VARIABLE = YES;
				IPHONEOS_DEPLOYMENT_TARGET = 5.1;
				OTHER_CFLAGS = "-DNS_BLOCK_ASSERTIONS=1";
				SDKROOT = iphoneos;
				VALIDATE_PRODUCT = YES;
			};
			name = Release;
		};
		8CCCE517160C54B100317D4C /* Debug */ = {
			isa = XCBuildConfiguration;
			buildSettings = {
				GCC_PRECOMPILE_PREFIX_HEADER = YES;
				GCC_PREFIX_HEADER = "AFResumingDownload/AFResumingDownload-Prefix.pch";
				INFOPLIST_FILE = "AFResumingDownload/AFResumingDownload-Info.plist";
				IPHONEOS_DEPLOYMENT_TARGET = 4.3;
				PRODUCT_NAME = "$(TARGET_NAME)";
				WRAPPER_EXTENSION = app;
			};
			name = Debug;
		};
		8CCCE518160C54B100317D4C /* Release */ = {
			isa = XCBuildConfiguration;
			buildSettings = {
				GCC_PRECOMPILE_PREFIX_HEADER = YES;
				GCC_PREFIX_HEADER = "AFResumingDownload/AFResumingDownload-Prefix.pch";
				INFOPLIST_FILE = "AFResumingDownload/AFResumingDownload-Info.plist";
				IPHONEOS_DEPLOYMENT_TARGET = 4.3;
				PRODUCT_NAME = "$(TARGET_NAME)";
				WRAPPER_EXTENSION = app;
			};
			name = Release;
		};
/* End XCBuildConfiguration section */

/* Begin XCConfigurationList section */
		8CCCE4F2160C54B100317D4C /* Build configuration list for PBXProject "AFResumingDownload" */ = {
			isa = XCConfigurationList;
			buildConfigurations = (
				8CCCE514160C54B100317D4C /* Debug */,
				8CCCE515160C54B100317D4C /* Release */,
			);
			defaultConfigurationIsVisible = 0;
			defaultConfigurationName = Release;
		};
		8CCCE516160C54B100317D4C /* Build configuration list for PBXNativeTarget "AFResumingDownload" */ = {
			isa = XCConfigurationList;
			buildConfigurations = (
				8CCCE517160C54B100317D4C /* Debug */,
				8CCCE518160C54B100317D4C /* Release */,
			);
			defaultConfigurationIsVisible = 0;
			defaultConfigurationName = Release;
		};
/* End XCConfigurationList section */
	};
	rootObject = 8CCCE4EF160C54B100317D4C /* Project object */;
}
