// !$*UTF8*$!
{
	archiveVersion = 1;
	classes = {
	};
	objectVersion = 46;
	objects = {

/* Begin PBXBuildFile section */
		CF5E7FED16D26CBB00E1FAAD /* Common.m in Sources */ = {isa = PBXBuildFile; fileRef = CF5E7FEC16D26CBB00E1FAAD /* Common.m */; };
		CF5E7FF316D4157600E1FAAD /* CustomHeader.m in Sources */ = {isa = PBXBuildFile; fileRef = CF5E7FF216D4157600E1FAAD /* CustomHeader.m */; };
		CF5E800916D66C5300E1FAAD /* CustomFooter.m in Sources */ = {isa = PBXBuildFile; fileRef = CF5E800816D66C5300E1FAAD /* CustomFooter.m */; };
		CF5E800B16D68B0900E1FAAD /* main_bg.jpg in Resources */ = {isa = PBXBuildFile; fileRef = CF5E800A16D68B0900E1FAAD /* main_bg.jpg */; };
		CF85F0DC16CED3E9003B9E8C /* CoolTableViewController.m in Sources */ = {isa = PBXBuildFile; fileRef = CF85F0DB16CED3E9003B9E8C /* CoolTableViewController.m */; };
		CF85F0DF16D1797C003B9E8C /* CustomCellBackground.m in Sources */ = {isa = PBXBuildFile; fileRef = CF85F0DE16D1797C003B9E8C /* CustomCellBackground.m */; };
		CF8B0CC616CD4A9C0075BE29 /* UIKit.framework in Frameworks */ = {isa = PBXBuildFile; fileRef = CF8B0CC516CD4A9C0075BE29 /* UIKit.framework */; };
		CF8B0CC816CD4A9C0075BE29 /* Foundation.framework in Frameworks */ = {isa = PBXBuildFile; fileRef = CF8B0CC716CD4A9C0075BE29 /* Foundation.framework */; };
		CF8B0CCA16CD4A9C0075BE29 /* CoreGraphics.framework in Frameworks */ = {isa = PBXBuildFile; fileRef = CF8B0CC916CD4A9C0075BE29 /* CoreGraphics.framework */; };
		CF8B0CD016CD4A9C0075BE29 /* InfoPlist.strings in Resources */ = {isa = PBXBuildFile; fileRef = CF8B0CCE16CD4A9C0075BE29 /* InfoPlist.strings */; };
		CF8B0CD216CD4A9C0075BE29 /* main.m in Sources */ = {isa = PBXBuildFile; fileRef = CF8B0CD116CD4A9C0075BE29 /* main.m */; };
		CF8B0CD616CD4A9C0075BE29 /* AppDelegate.m in Sources */ = {isa = PBXBuildFile; fileRef = CF8B0CD516CD4A9C0075BE29 /* AppDelegate.m */; };
		CF8B0CD816CD4A9C0075BE29 /* Default.png in Resources */ = {isa = PBXBuildFile; fileRef = CF8B0CD716CD4A9C0075BE29 /* Default.png */; };
		CF8B0CDA16CD4A9C0075BE29 /* Default@2x.png in Resources */ = {isa = PBXBuildFile; fileRef = CF8B0CD916CD4A9C0075BE29 /* Default@2x.png */; };
		CF8B0CDC16CD4A9C0075BE29 /* Default-568h@2x.png in Resources */ = {isa = PBXBuildFile; fileRef = CF8B0CDB16CD4A9C0075BE29 /* Default-568h@2x.png */; };
		CF8B0CDF16CD4A9C0075BE29 /* MainStoryboard.storyboard in Resources */ = {isa = PBXBuildFile; fileRef = CF8B0CDD16CD4A9C0075BE29 /* MainStoryboard.storyboard */; };
/* End PBXBuildFile section */

/* Begin PBXFileReference section */
		CF5E7FEB16D26CBB00E1FAAD /* Common.h */ = {isa = PBXFileReference; fileEncoding = 4; lastKnownFileType = sourcecode.c.h; path = Common.h; sourceTree = "<group>"; };
		CF5E7FEC16D26CBB00E1FAAD /* Common.m */ = {isa = PBXFileReference; fileEncoding = 4; lastKnownFileType = sourcecode.c.objc; path = Common.m; sourceTree = "<group>"; };
		CF5E7FF116D4157600E1FAAD /* CustomHeader.h */ = {isa = PBXFileReference; fileEncoding = 4; lastKnownFileType = sourcecode.c.h; path = CustomHeader.h; sourceTree = "<group>"; };
		CF5E7FF216D4157600E1FAAD /* CustomHeader.m */ = {isa = PBXFileReference; fileEncoding = 4; lastKnownFileType = sourcecode.c.objc; path = CustomHeader.m; sourceTree = "<group>"; };
		CF5E800716D66C5300E1FAAD /* CustomFooter.h */ = {isa = PBXFileReference; fileEncoding = 4; lastKnownFileType = sourcecode.c.h; path = CustomFooter.h; sourceTree = "<group>"; };
		CF5E800816D66C5300E1FAAD /* CustomFooter.m */ = {isa = PBXFileReference; fileEncoding = 4; lastKnownFileType = sourcecode.c.objc; path = CustomFooter.m; sourceTree = "<group>"; };
		CF5E800A16D68B0900E1FAAD /* main_bg.jpg */ = {isa = PBXFileReference; lastKnownFileType = image.jpeg; path = main_bg.jpg; sourceTree = "<group>"; };
		CF85F0DA16CED3E9003B9E8C /* CoolTableViewController.h */ = {isa = PBXFileReference; fileEncoding = 4; lastKnownFileType = sourcecode.c.h; path = CoolTableViewController.h; sourceTree = "<group>"; };
		CF85F0DB16CED3E9003B9E8C /* CoolTableViewController.m */ = {isa = PBXFileReference; fileEncoding = 4; lastKnownFileType = sourcecode.c.objc; path = CoolTableViewController.m; sourceTree = "<group>"; };
		CF85F0DD16D1797C003B9E8C /* CustomCellBackground.h */ = {isa = PBXFileReference; fileEncoding = 4; lastKnownFileType = sourcecode.c.h; path = CustomCellBackground.h; sourceTree = "<group>"; };
		CF85F0DE16D1797C003B9E8C /* CustomCellBackground.m */ = {isa = PBXFileReference; fileEncoding = 4; lastKnownFileType = sourcecode.c.objc; path = CustomCellBackground.m; sourceTree = "<group>"; };
		CF8B0CC216CD4A9C0075BE29 /* CoolTable.app */ = {isa = PBXFileReference; explicitFileType = wrapper.application; includeInIndex = 0; path = CoolTable.app; sourceTree = BUILT_PRODUCTS_DIR; };
		CF8B0CC516CD4A9C0075BE29 /* UIKit.framework */ = {isa = PBXFileReference; lastKnownFileType = wrapper.framework; name = UIKit.framework; path = System/Library/Frameworks/UIKit.framework; sourceTree = SDKROOT; };
		CF8B0CC716CD4A9C0075BE29 /* Foundation.framework */ = {isa = PBXFileReference; lastKnownFileType = wrapper.framework; name = Foundation.framework; path = System/Library/Frameworks/Foundation.framework; sourceTree = SDKROOT; };
		CF8B0CC916CD4A9C0075BE29 /* CoreGraphics.framework */ = {isa = PBXFileReference; lastKnownFileType = wrapper.framework; name = CoreGraphics.framework; path = System/Library/Frameworks/CoreGraphics.framework; sourceTree = SDKROOT; };
		CF8B0CCD16CD4A9C0075BE29 /* CoolTable-Info.plist */ = {isa = PBXFileReference; lastKnownFileType = text.plist.xml; path = "CoolTable-Info.plist"; sourceTree = "<group>"; };
		CF8B0CCF16CD4A9C0075BE29 /* en */ = {isa = PBXFileReference; lastKnownFileType = text.plist.strings; name = en; path = en.lproj/InfoPlist.strings; sourceTree = "<group>"; };
		CF8B0CD116CD4A9C0075BE29 /* main.m */ = {isa = PBXFileReference; lastKnownFileType = sourcecode.c.objc; path = main.m; sourceTree = "<group>"; };
		CF8B0CD316CD4A9C0075BE29 /* CoolTable-Prefix.pch */ = {isa = PBXFileReference; lastKnownFileType = sourcecode.c.h; path = "CoolTable-Prefix.pch"; sourceTree = "<group>"; };
		CF8B0CD416CD4A9C0075BE29 /* AppDelegate.h */ = {isa = PBXFileReference; lastKnownFileType = sourcecode.c.h; path = AppDelegate.h; sourceTree = "<group>"; };
		CF8B0CD516CD4A9C0075BE29 /* AppDelegate.m */ = {isa = PBXFileReference; lastKnownFileType = sourcecode.c.objc; path = AppDelegate.m; sourceTree = "<group>"; };
		CF8B0CD716CD4A9C0075BE29 /* Default.png */ = {isa = PBXFileReference; lastKnownFileType = image.png; path = Default.png; sourceTree = "<group>"; };
		CF8B0CD916CD4A9C0075BE29 /* Default@2x.png */ = {isa = PBXFileReference; lastKnownFileType = image.png; path = "Default@2x.png"; sourceTree = "<group>"; };
		CF8B0CDB16CD4A9C0075BE29 /* Default-568h@2x.png */ = {isa = PBXFileReference; lastKnownFileType = image.png; path = "Default-568h@2x.png"; sourceTree = "<group>"; };
		CF8B0CDE16CD4A9C0075BE29 /* en */ = {isa = PBXFileReference; lastKnownFileType = file.storyboard; name = en; path = en.lproj/MainStoryboard.storyboard; sourceTree = "<group>"; };
/* End PBXFileReference section */

/* Begin PBXFrameworksBuildPhase section */
		CF8B0CBF16CD4A9C0075BE29 /* Frameworks */ = {
			isa = PBXFrameworksBuildPhase;
			buildActionMask = 2147483647;
			files = (
				CF8B0CC616CD4A9C0075BE29 /* UIKit.framework in Frameworks */,
				CF8B0CC816CD4A9C0075BE29 /* Foundation.framework in Frameworks */,
				CF8B0CCA16CD4A9C0075BE29 /* CoreGraphics.framework in Frameworks */,
			);
			runOnlyForDeploymentPostprocessing = 0;
		};
/* End PBXFrameworksBuildPhase section */

/* Begin PBXGroup section */
		CF8B0CB916CD4A9C0075BE29 = {
			isa = PBXGroup;
			children = (
				CF8B0CCB16CD4A9C0075BE29 /* CoolTable */,
				CF8B0CC416CD4A9C0075BE29 /* Frameworks */,
				CF8B0CC316CD4A9C0075BE29 /* Products */,
			);
			sourceTree = "<group>";
		};
		CF8B0CC316CD4A9C0075BE29 /* Products */ = {
			isa = PBXGroup;
			children = (
				CF8B0CC216CD4A9C0075BE29 /* CoolTable.app */,
			);
			name = Products;
			sourceTree = "<group>";
		};
		CF8B0CC416CD4A9C0075BE29 /* Frameworks */ = {
			isa = PBXGroup;
			children = (
				CF8B0CC516CD4A9C0075BE29 /* UIKit.framework */,
				CF8B0CC716CD4A9C0075BE29 /* Foundation.framework */,
				CF8B0CC916CD4A9C0075BE29 /* CoreGraphics.framework */,
			);
			name = Frameworks;
			sourceTree = "<group>";
		};
		CF8B0CCB16CD4A9C0075BE29 /* CoolTable */ = {
			isa = PBXGroup;
			children = (
				CF5E800A16D68B0900E1FAAD /* main_bg.jpg */,
				CF5E800716D66C5300E1FAAD /* CustomFooter.h */,
				CF5E800816D66C5300E1FAAD /* CustomFooter.m */,
				CF5E7FF116D4157600E1FAAD /* CustomHeader.h */,
				CF5E7FF216D4157600E1FAAD /* CustomHeader.m */,
				CF5E7FEB16D26CBB00E1FAAD /* Common.h */,
				CF5E7FEC16D26CBB00E1FAAD /* Common.m */,
				CF85F0DA16CED3E9003B9E8C /* CoolTableViewController.h */,
				CF85F0DB16CED3E9003B9E8C /* CoolTableViewController.m */,
				CF8B0CD416CD4A9C0075BE29 /* AppDelegate.h */,
				CF8B0CD516CD4A9C0075BE29 /* AppDelegate.m */,
				CF85F0DD16D1797C003B9E8C /* CustomCellBackground.h */,
				CF85F0DE16D1797C003B9E8C /* CustomCellBackground.m */,
				CF8B0CDD16CD4A9C0075BE29 /* MainStoryboard.storyboard */,
				CF8B0CCC16CD4A9C0075BE29 /* Supporting Files */,
			);
			path = CoolTable;
			sourceTree = "<group>";
		};
		CF8B0CCC16CD4A9C0075BE29 /* Supporting Files */ = {
			isa = PBXGroup;
			children = (
				CF8B0CCD16CD4A9C0075BE29 /* CoolTable-Info.plist */,
				CF8B0CCE16CD4A9C0075BE29 /* InfoPlist.strings */,
				CF8B0CD116CD4A9C0075BE29 /* main.m */,
				CF8B0CD316CD4A9C0075BE29 /* CoolTable-Prefix.pch */,
				CF8B0CD716CD4A9C0075BE29 /* Default.png */,
				CF8B0CD916CD4A9C0075BE29 /* Default@2x.png */,
				CF8B0CDB16CD4A9C0075BE29 /* Default-568h@2x.png */,
			);
			name = "Supporting Files";
			sourceTree = "<group>";
		};
/* End PBXGroup section */

/* Begin PBXNativeTarget section */
		CF8B0CC116CD4A9C0075BE29 /* CoolTable */ = {
			isa = PBXNativeTarget;
			buildConfigurationList = CF8B0CE516CD4A9D0075BE29 /* Build configuration list for PBXNativeTarget "CoolTable" */;
			buildPhases = (
				CF8B0CBE16CD4A9C0075BE29 /* Sources */,
				CF8B0CBF16CD4A9C0075BE29 /* Frameworks */,
				CF8B0CC016CD4A9C0075BE29 /* Resources */,
			);
			buildRules = (
			);
			dependencies = (
			);
			name = CoolTable;
			productName = CoolTable;
			productReference = CF8B0CC216CD4A9C0075BE29 /* CoolTable.app */;
			productType = "com.apple.product-type.application";
		};
/* End PBXNativeTarget section */

/* Begin PBXProject section */
		CF8B0CBA16CD4A9C0075BE29 /* Project object */ = {
			isa = PBXProject;
			attributes = {
				LastUpgradeCheck = 0460;
				ORGANIZATIONNAME = Razeware;
			};
			buildConfigurationList = CF8B0CBD16CD4A9C0075BE29 /* Build configuration list for PBXProject "CoolTable" */;
			compatibilityVersion = "Xcode 3.2";
			developmentRegion = English;
			hasScannedForEncodings = 0;
			knownRegions = (
				en,
			);
			mainGroup = CF8B0CB916CD4A9C0075BE29;
			productRefGroup = CF8B0CC316CD4A9C0075BE29 /* Products */;
			projectDirPath = "";
			projectRoot = "";
			targets = (
				CF8B0CC116CD4A9C0075BE29 /* CoolTable */,
			);
		};
/* End PBXProject section */

/* Begin PBXResourcesBuildPhase section */
		CF8B0CC016CD4A9C0075BE29 /* Resources */ = {
			isa = PBXResourcesBuildPhase;
			buildActionMask = 2147483647;
			files = (
				CF8B0CD016CD4A9C0075BE29 /* InfoPlist.strings in Resources */,
				CF8B0CD816CD4A9C0075BE29 /* Default.png in Resources */,
				CF8B0CDA16CD4A9C0075BE29 /* Default@2x.png in Resources */,
				CF8B0CDC16CD4A9C0075BE29 /* Default-568h@2x.png in Resources */,
				CF8B0CDF16CD4A9C0075BE29 /* MainStoryboard.storyboard in Resources */,
				CF5E800B16D68B0900E1FAAD /* main_bg.jpg in Resources */,
			);
			runOnlyForDeploymentPostprocessing = 0;
		};
/* End PBXResourcesBuildPhase section */

/* Begin PBXSourcesBuildPhase section */
		CF8B0CBE16CD4A9C0075BE29 /* Sources */ = {
			isa = PBXSourcesBuildPhase;
			buildActionMask = 2147483647;
			files = (
				CF8B0CD216CD4A9C0075BE29 /* main.m in Sources */,
				CF8B0CD616CD4A9C0075BE29 /* AppDelegate.m in Sources */,
				CF85F0DC16CED3E9003B9E8C /* CoolTableViewController.m in Sources */,
				CF85F0DF16D1797C003B9E8C /* CustomCellBackground.m in Sources */,
				CF5E7FED16D26CBB00E1FAAD /* Common.m in Sources */,
				CF5E7FF316D4157600E1FAAD /* CustomHeader.m in Sources */,
				CF5E800916D66C5300E1FAAD /* CustomFooter.m in Sources */,
			);
			runOnlyForDeploymentPostprocessing = 0;
		};
/* End PBXSourcesBuildPhase section */

/* Begin PBXVariantGroup section */
		CF8B0CCE16CD4A9C0075BE29 /* InfoPlist.strings */ = {
			isa = PBXVariantGroup;
			children = (
				CF8B0CCF16CD4A9C0075BE29 /* en */,
			);
			name = InfoPlist.strings;
			sourceTree = "<group>";
		};
		CF8B0CDD16CD4A9C0075BE29 /* MainStoryboard.storyboard */ = {
			isa = PBXVariantGroup;
			children = (
				CF8B0CDE16CD4A9C0075BE29 /* en */,
			);
			name = MainStoryboard.storyboard;
			sourceTree = "<group>";
		};
/* End PBXVariantGroup section */

/* Begin XCBuildConfiguration section */
		CF8B0CE316CD4A9D0075BE29 /* Debug */ = {
			isa = XCBuildConfiguration;
			buildSettings = {
				ALWAYS_SEARCH_USER_PATHS = NO;
				CLANG_CXX_LANGUAGE_STANDARD = "gnu++0x";
				CLANG_CXX_LIBRARY = "libc++";
				CLANG_ENABLE_OBJC_ARC = YES;
				CLANG_WARN_CONSTANT_CONVERSION = YES;
				CLANG_WARN_EMPTY_BODY = YES;
				CLANG_WARN_ENUM_CONVERSION = YES;
				CLANG_WARN_INT_CONVERSION = YES;
				CLANG_WARN__DUPLICATE_METHOD_MATCH = YES;
				"CODE_SIGN_IDENTITY[sdk=iphoneos*]" = "iPhone Developer";
				COPY_PHASE_STRIP = NO;
				GCC_C_LANGUAGE_STANDARD = gnu99;
				GCC_DYNAMIC_NO_PIC = NO;
				GCC_OPTIMIZATION_LEVEL = 0;
				GCC_PREPROCESSOR_DEFINITIONS = (
					"DEBUG=1",
					"$(inherited)",
				);
				GCC_SYMBOLS_PRIVATE_EXTERN = NO;
				GCC_WARN_ABOUT_RETURN_TYPE = YES;
				GCC_WARN_UNINITIALIZED_AUTOS = YES;
				GCC_WARN_UNUSED_VARIABLE = YES;
				IPHONEOS_DEPLOYMENT_TARGET = 6.1;
				ONLY_ACTIVE_ARCH = YES;
				SDKROOT = iphoneos;
			};
			name = Debug;
		};
		CF8B0CE416CD4A9D0075BE29 /* Release */ = {
			isa = XCBuildConfiguration;
			buildSettings = {
				ALWAYS_SEARCH_USER_PATHS = NO;
				CLANG_CXX_LANGUAGE_STANDARD = "gnu++0x";
				CLANG_CXX_LIBRARY = "libc++";
				CLANG_ENABLE_OBJC_ARC = YES;
				CLANG_WARN_CONSTANT_CONVERSION = YES;
				CLANG_WARN_EMPTY_BODY = YES;
				CLANG_WARN_ENUM_CONVERSION = YES;
				CLANG_WARN_INT_CONVERSION = YES;
				CLANG_WARN__DUPLICATE_METHOD_MATCH = YES;
				"CODE_SIGN_IDENTITY[sdk=iphoneos*]" = "iPhone Developer";
				COPY_PHASE_STRIP = YES;
				GCC_C_LANGUAGE_STANDARD = gnu99;
				GCC_WARN_ABOUT_RETURN_TYPE = YES;
				GCC_WARN_UNINITIALIZED_AUTOS = YES;
				GCC_WARN_UNUSED_VARIABLE = YES;
				IPHONEOS_DEPLOYMENT_TARGET = 6.1;
				OTHER_CFLAGS = "-DNS_BLOCK_ASSERTIONS=1";
				SDKROOT = iphoneos;
				VALIDATE_PRODUCT = YES;
			};
			name = Release;
		};
		CF8B0CE616CD4A9D0075BE29 /* Debug */ = {
			isa = XCBuildConfiguration;
			buildSettings = {
				GCC_PRECOMPILE_PREFIX_HEADER = YES;
				GCC_PREFIX_HEADER = "CoolTable/CoolTable-Prefix.pch";
				INFOPLIST_FILE = "CoolTable/CoolTable-Info.plist";
				IPHONEOS_DEPLOYMENT_TARGET = 6.0;
				PRODUCT_NAME = "$(TARGET_NAME)";
				TARGETED_DEVICE_FAMILY = 1;
				WRAPPER_EXTENSION = app;
			};
			name = Debug;
		};
		CF8B0CE716CD4A9D0075BE29 /* Release */ = {
			isa = XCBuildConfiguration;
			buildSettings = {
				GCC_PRECOMPILE_PREFIX_HEADER = YES;
				GCC_PREFIX_HEADER = "CoolTable/CoolTable-Prefix.pch";
				INFOPLIST_FILE = "CoolTable/CoolTable-Info.plist";
				IPHONEOS_DEPLOYMENT_TARGET = 6.0;
				PRODUCT_NAME = "$(TARGET_NAME)";
				TARGETED_DEVICE_FAMILY = 1;
				WRAPPER_EXTENSION = app;
			};
			name = Release;
		};
/* End XCBuildConfiguration section */

/* Begin XCConfigurationList section */
		CF8B0CBD16CD4A9C0075BE29 /* Build configuration list for PBXProject "CoolTable" */ = {
			isa = XCConfigurationList;
			buildConfigurations = (
				CF8B0CE316CD4A9D0075BE29 /* Debug */,
				CF8B0CE416CD4A9D0075BE29 /* Release */,
			);
			defaultConfigurationIsVisible = 0;
			defaultConfigurationName = Release;
		};
		CF8B0CE516CD4A9D0075BE29 /* Build configuration list for PBXNativeTarget "CoolTable" */ = {
			isa = XCConfigurationList;
			buildConfigurations = (
				CF8B0CE616CD4A9D0075BE29 /* Debug */,
				CF8B0CE716CD4A9D0075BE29 /* Release */,
			);
			defaultConfigurationIsVisible = 0;
			defaultConfigurationName = Release;
		};
/* End XCConfigurationList section */
	};
	rootObject = CF8B0CBA16CD4A9C0075BE29 /* Project object */;
}
